// !$*UTF8*$!
{
	archiveVersion = 1;
	classes = {
	};
	objectVersion = 70;
	objects = {

/* Begin PBXBuildFile section */
		9F3B1C732FB4CCC9003E9265 /* Argon2Swift in Frameworks */ = {isa = PBXBuildFile; productRef = 9F3B1C722FB4CCC9003E9265 /* Argon2Swift */; };
		9F405D9C2FBE3DE50078F939 /* AuthenticationServices.framework in Frameworks */ = {isa = PBXBuildFile; fileRef = 9F405D9B2FBE3DE50078F939 /* AuthenticationServices.framework */; };
		9F405DAE2FBE435E0078F939 /* VaultModels.swift in Sources */ = {isa = PBXBuildFile; fileRef = D5A5889C2F73416E004C0FEC /* VaultModels.swift */; };
		9F405DAF2FBE43670078F939 /* CryptoService.swift in Sources */ = {isa = PBXBuildFile; fileRef = D5548F8A2FAA8162008F9DAC /* CryptoService.swift */; };
		9F8313F92FC77B47009942A7 /* ProfileView.swift in Sources */ = {isa = PBXBuildFile; fileRef = 9F8313F82FC77B47009942A7 /* ProfileView.swift */; };
		9F9806FA2FB3AFB500C304D2 /* AppRootView.swift in Sources */ = {isa = PBXBuildFile; fileRef = 9F9806F92FB3AFB500C304D2 /* AppRootView.swift */; };
		9F9806FC2FB3B01900C304D2 /* VaultListView.swift in Sources */ = {isa = PBXBuildFile; fileRef = 9F9806FB2FB3B01900C304D2 /* VaultListView.swift */; };
		D51B581C2F71FD250060F2D6 /* password_manager_iosApp.swift in Sources */ = {isa = PBXBuildFile; fileRef = D51B581B2F71FD250060F2D6 /* password_manager_iosApp.swift */; };
		D51B58202F71FD2C0060F2D6 /* Assets.xcassets in Resources */ = {isa = PBXBuildFile; fileRef = D51B581F2F71FD2C0060F2D6 /* Assets.xcassets */; };
		D51B58232F71FD2C0060F2D6 /* Preview Assets.xcassets in Resources */ = {isa = PBXBuildFile; fileRef = D51B58222F71FD2C0060F2D6 /* Preview Assets.xcassets */; };
		D51B58322F71FD2D0060F2D6 /* password_manager_iosTests.swift in Sources */ = {isa = PBXBuildFile; fileRef = D51B58312F71FD2D0060F2D6 /* password_manager_iosTests.swift */; };
		D51B583C2F71FD2D0060F2D6 /* password_manager_iosUITests.swift in Sources */ = {isa = PBXBuildFile; fileRef = D51B583B2F71FD2D0060F2D6 /* password_manager_iosUITests.swift */; };
		D51B583E2F71FD2D0060F2D6 /* password_manager_iosUITestsLaunchTests.swift in Sources */ = {isa = PBXBuildFile; fileRef = D51B583D2F71FD2D0060F2D6 /* password_manager_iosUITestsLaunchTests.swift */; };
		D5548F8B2FAA8162008F9DAC /* CryptoService.swift in Sources */ = {isa = PBXBuildFile; fileRef = D5548F8A2FAA8162008F9DAC /* CryptoService.swift */; };
		D5548F8D2FAA8181008F9DAC /* APIService.swift in Sources */ = {isa = PBXBuildFile; fileRef = D5548F8C2FAA8181008F9DAC /* APIService.swift */; };
		D5548F8F2FAA8198008F9DAC /* AuthManager.swift in Sources */ = {isa = PBXBuildFile; fileRef = D5548F8E2FAA8198008F9DAC /* AuthManager.swift */; };
		D5548F912FAA81BB008F9DAC /* LocalVaultManager.swift in Sources */ = {isa = PBXBuildFile; fileRef = D5548F902FAA81BB008F9DAC /* LocalVaultManager.swift */; };
		D5548F952FAA8730008F9DAC /* AddVaultEntryView.swift in Sources */ = {isa = PBXBuildFile; fileRef = D5548F942FAA8730008F9DAC /* AddVaultEntryView.swift */; };
		D577074B2F9E3F9100F3253B /* WelcomeView.swift in Sources */ = {isa = PBXBuildFile; fileRef = D577074A2F9E3F9100F3253B /* WelcomeView.swift */; };
		D577074D2F9E42BD00F3253B /* SecuritySettingsView.swift in Sources */ = {isa = PBXBuildFile; fileRef = D577074C2F9E42BD00F3253B /* SecuritySettingsView.swift */; };
		D577074F2F9E434800F3253B /* PasswordDetailView.swift in Sources */ = {isa = PBXBuildFile; fileRef = D577074E2F9E434800F3253B /* PasswordDetailView.swift */; };
		D57707522F9E4DE800F3253B /* LoginView.swift in Sources */ = {isa = PBXBuildFile; fileRef = D57707512F9E4DE800F3253B /* LoginView.swift */; };
		D57707542F9E4E9A00F3253B /* RegisterView.swift in Sources */ = {isa = PBXBuildFile; fileRef = D57707532F9E4E9A00F3253B /* RegisterView.swift */; };
		D57707562F9E4FAA00F3253B /* MainTabView.swift in Sources */ = {isa = PBXBuildFile; fileRef = D57707552F9E4FAA00F3253B /* MainTabView.swift */; };
		D5A5889D2F73416F004C0FEC /* VaultModels.swift in Sources */ = {isa = PBXBuildFile; fileRef = D5A5889C2F73416E004C0FEC /* VaultModels.swift */; };
/* End PBXBuildFile section */

/* Begin PBXContainerItemProxy section */
		D51B582E2F71FD2D0060F2D6 /* PBXContainerItemProxy */ = {
			isa = PBXContainerItemProxy;
			containerPortal = D51B58102F71FD250060F2D6 /* Project object */;
			proxyType = 1;
			remoteGlobalIDString = D51B58172F71FD250060F2D6;
			remoteInfo = "password-manager-ios";
		};
		D51B58382F71FD2D0060F2D6 /* PBXContainerItemProxy */ = {
			isa = PBXContainerItemProxy;
			containerPortal = D51B58102F71FD250060F2D6 /* Project object */;
			proxyType = 1;
			remoteGlobalIDString = D51B58172F71FD250060F2D6;
			remoteInfo = "password-manager-ios";
		};
/* End PBXContainerItemProxy section */

/* Begin PBXFileReference section */
		9F405D992FBE3DE50078F939 /* Vault66Autofill.appex */ = {isa = PBXFileReference; explicitFileType = "wrapper.app-extension"; includeInIndex = 0; path = Vault66Autofill.appex; sourceTree = BUILT_PRODUCTS_DIR; };
		9F405D9B2FBE3DE50078F939 /* AuthenticationServices.framework */ = {isa = PBXFileReference; lastKnownFileType = wrapper.framework; name = AuthenticationServices.framework; path = System/Library/Frameworks/AuthenticationServices.framework; sourceTree = SDKROOT; };
		9F8313F82FC77B47009942A7 /* ProfileView.swift */ = {isa = PBXFileReference; lastKnownFileType = sourcecode.swift; path = ProfileView.swift; sourceTree = "<group>"; };
		9F9806F92FB3AFB500C304D2 /* AppRootView.swift */ = {isa = PBXFileReference; lastKnownFileType = sourcecode.swift; path = AppRootView.swift; sourceTree = "<group>"; };
		9F9806FB2FB3B01900C304D2 /* VaultListView.swift */ = {isa = PBXFileReference; lastKnownFileType = sourcecode.swift; path = VaultListView.swift; sourceTree = "<group>"; };
		D51B58182F71FD250060F2D6 /* password-manager-ios.app */ = {isa = PBXFileReference; explicitFileType = wrapper.application; includeInIndex = 0; path = "password-manager-ios.app"; sourceTree = BUILT_PRODUCTS_DIR; };
		D51B581B2F71FD250060F2D6 /* password_manager_iosApp.swift */ = {isa = PBXFileReference; lastKnownFileType = sourcecode.swift; path = password_manager_iosApp.swift; sourceTree = "<group>"; };
		D51B581F2F71FD2C0060F2D6 /* Assets.xcassets */ = {isa = PBXFileReference; lastKnownFileType = folder.assetcatalog; path = Assets.xcassets; sourceTree = "<group>"; };
		D51B58222F71FD2C0060F2D6 /* Preview Assets.xcassets */ = {isa = PBXFileReference; lastKnownFileType = folder.assetcatalog; path = "Preview Assets.xcassets"; sourceTree = "<group>"; };
		D51B582D2F71FD2D0060F2D6 /* password-manager-iosTests.xctest */ = {isa = PBXFileReference; explicitFileType = wrapper.cfbundle; includeInIndex = 0; path = "password-manager-iosTests.xctest"; sourceTree = BUILT_PRODUCTS_DIR; };
		D51B58312F71FD2D0060F2D6 /* password_manager_iosTests.swift */ = {isa = PBXFileReference; lastKnownFileType = sourcecode.swift; path = password_manager_iosTests.swift; sourceTree = "<group>"; };
		D51B58372F71FD2D0060F2D6 /* password-manager-iosUITests.xctest */ = {isa = PBXFileReference; explicitFileType = wrapper.cfbundle; includeInIndex = 0; path = "password-manager-iosUITests.xctest"; sourceTree = BUILT_PRODUCTS_DIR; };
		D51B583B2F71FD2D0060F2D6 /* password_manager_iosUITests.swift */ = {isa = PBXFileReference; lastKnownFileType = sourcecode.swift; path = password_manager_iosUITests.swift; sourceTree = "<group>"; };
		D51B583D2F71FD2D0060F2D6 /* password_manager_iosUITestsLaunchTests.swift */ = {isa = PBXFileReference; lastKnownFileType = sourcecode.swift; path = password_manager_iosUITestsLaunchTests.swift; sourceTree = "<group>"; };
		D5548F8A2FAA8162008F9DAC /* CryptoService.swift */ = {isa = PBXFileReference; lastKnownFileType = sourcecode.swift; path = CryptoService.swift; sourceTree = "<group>"; };
		D5548F8C2FAA8181008F9DAC /* APIService.swift */ = {isa = PBXFileReference; lastKnownFileType = sourcecode.swift; path = APIService.swift; sourceTree = "<group>"; };
		D5548F8E2FAA8198008F9DAC /* AuthManager.swift */ = {isa = PBXFileReference; lastKnownFileType = sourcecode.swift; path = AuthManager.swift; sourceTree = "<group>"; };
		D5548F902FAA81BB008F9DAC /* LocalVaultManager.swift */ = {isa = PBXFileReference; lastKnownFileType = sourcecode.swift; path = LocalVaultManager.swift; sourceTree = "<group>"; };
		D5548F942FAA8730008F9DAC /* AddVaultEntryView.swift */ = {isa = PBXFileReference; lastKnownFileType = sourcecode.swift; path = AddVaultEntryView.swift; sourceTree = "<group>"; };
		D577074A2F9E3F9100F3253B /* WelcomeView.swift */ = {isa = PBXFileReference; lastKnownFileType = sourcecode.swift; path = WelcomeView.swift; sourceTree = "<group>"; };
		D577074C2F9E42BD00F3253B /* SecuritySettingsView.swift */ = {isa = PBXFileReference; lastKnownFileType = sourcecode.swift; path = SecuritySettingsView.swift; sourceTree = "<group>"; };
		D577074E2F9E434800F3253B /* PasswordDetailView.swift */ = {isa = PBXFileReference; lastKnownFileType = sourcecode.swift; path = PasswordDetailView.swift; sourceTree = "<group>"; };
		D57707512F9E4DE800F3253B /* LoginView.swift */ = {isa = PBXFileReference; lastKnownFileType = sourcecode.swift; path = LoginView.swift; sourceTree = "<group>"; };
		D57707532F9E4E9A00F3253B /* RegisterView.swift */ = {isa = PBXFileReference; lastKnownFileType = sourcecode.swift; path = RegisterView.swift; sourceTree = "<group>"; };
		D57707552F9E4FAA00F3253B /* MainTabView.swift */ = {isa = PBXFileReference; lastKnownFileType = sourcecode.swift; path = MainTabView.swift; sourceTree = "<group>"; };
		D5A5889C2F73416E004C0FEC /* VaultModels.swift */ = {isa = PBXFileReference; lastKnownFileType = sourcecode.swift; path = VaultModels.swift; sourceTree = "<group>"; };
/* End PBXFileReference section */

/* Begin PBXFileSystemSynchronizedBuildFileExceptionSet section */
		9F405DAB2FBE3DE60078F939 /* PBXFileSystemSynchronizedBuildFileExceptionSet */ = {
			isa = PBXFileSystemSynchronizedBuildFileExceptionSet;
			membershipExceptions = (
				Info.plist,
			);
			target = 9F405D982FBE3DE50078F939 /* Vault66Autofill */;
		};
/* End PBXFileSystemSynchronizedBuildFileExceptionSet section */

/* Begin PBXFileSystemSynchronizedRootGroup section */
		9F405D9D2FBE3DE50078F939 /* Vault66Autofill */ = {isa = PBXFileSystemSynchronizedRootGroup; exceptions = (9F405DAB2FBE3DE60078F939 /* PBXFileSystemSynchronizedBuildFileExceptionSet */, ); explicitFileTypes = {}; explicitFolders = (); path = Vault66Autofill; sourceTree = "<group>"; };
/* End PBXFileSystemSynchronizedRootGroup section */

/* Begin PBXFrameworksBuildPhase section */
		9F405D962FBE3DE50078F939 /* Frameworks */ = {
			isa = PBXFrameworksBuildPhase;
			buildActionMask = 2147483647;
			files = (
				9F405D9C2FBE3DE50078F939 /* AuthenticationServices.framework in Frameworks */,
			);
			runOnlyForDeploymentPostprocessing = 0;
		};
		D51B58152F71FD250060F2D6 /* Frameworks */ = {
			isa = PBXFrameworksBuildPhase;
			buildActionMask = 2147483647;
			files = (
				9F3B1C732FB4CCC9003E9265 /* Argon2Swift in Frameworks */,
			);
			runOnlyForDeploymentPostprocessing = 0;
		};
		D51B582A2F71FD2D0060F2D6 /* Frameworks */ = {
			isa = PBXFrameworksBuildPhase;
			buildActionMask = 2147483647;
			files = (
			);
			runOnlyForDeploymentPostprocessing = 0;
		};
		D51B58342F71FD2D0060F2D6 /* Frameworks */ = {
			isa = PBXFrameworksBuildPhase;
			buildActionMask = 2147483647;
			files = (
			);
			runOnlyForDeploymentPostprocessing = 0;
		};
/* End PBXFrameworksBuildPhase section */

/* Begin PBXGroup section */
		9F405D9A2FBE3DE50078F939 /* Frameworks */ = {
			isa = PBXGroup;
			children = (
				9F405D9B2FBE3DE50078F939 /* AuthenticationServices.framework */,
			);
			name = Frameworks;
			sourceTree = "<group>";
		};
		D51B580F2F71FD250060F2D6 = {
			isa = PBXGroup;
			children = (
				D51B581A2F71FD250060F2D6 /* password-manager-ios */,
				D51B58302F71FD2D0060F2D6 /* password-manager-iosTests */,
				D51B583A2F71FD2D0060F2D6 /* password-manager-iosUITests */,
				9F405D9D2FBE3DE50078F939 /* Vault66Autofill */,
				9F405D9A2FBE3DE50078F939 /* Frameworks */,
				D51B58192F71FD250060F2D6 /* Products */,
			);
			sourceTree = "<group>";
		};
		D51B58192F71FD250060F2D6 /* Products */ = {
			isa = PBXGroup;
			children = (
				D51B58182F71FD250060F2D6 /* password-manager-ios.app */,
				D51B582D2F71FD2D0060F2D6 /* password-manager-iosTests.xctest */,
				D51B58372F71FD2D0060F2D6 /* password-manager-iosUITests.xctest */,
				9F405D992FBE3DE50078F939 /* Vault66Autofill.appex */,
			);
			name = Products;
			sourceTree = "<group>";
		};
		D51B581A2F71FD250060F2D6 /* password-manager-ios */ = {
			isa = PBXGroup;
			children = (
				D5548F882FAA80CA008F9DAC /* Services */,
				D5548F872FAA80AF008F9DAC /* Models */,
				D57707502F9E4C6100F3253B /* Views */,
				D51B581B2F71FD250060F2D6 /* password_manager_iosApp.swift */,
				D51B581F2F71FD2C0060F2D6 /* Assets.xcassets */,
				D51B58212F71FD2C0060F2D6 /* Preview Content */,
			);
			path = "password-manager-ios";
			sourceTree = "<group>";
		};
		D51B58212F71FD2C0060F2D6 /* Preview Content */ = {
			isa = PBXGroup;
			children = (
				D51B58222F71FD2C0060F2D6 /* Preview Assets.xcassets */,
			);
			path = "Preview Content";
			sourceTree = "<group>";
		};
		D51B58302F71FD2D0060F2D6 /* password-manager-iosTests */ = {
			isa = PBXGroup;
			children = (
				D51B58312F71FD2D0060F2D6 /* password_manager_iosTests.swift */,
			);
			path = "password-manager-iosTests";
			sourceTree = "<group>";
		};
		D51B583A2F71FD2D0060F2D6 /* password-manager-iosUITests */ = {
			isa = PBXGroup;
			children = (
				D51B583B2F71FD2D0060F2D6 /* password_manager_iosUITests.swift */,
				D51B583D2F71FD2D0060F2D6 /* password_manager_iosUITestsLaunchTests.swift */,
			);
			path = "password-manager-iosUITests";
			sourceTree = "<group>";
		};
		D5548F872FAA80AF008F9DAC /* Models */ = {
			isa = PBXGroup;
			children = (
				D5A5889C2F73416E004C0FEC /* VaultModels.swift */,
			);
			path = Models;
			sourceTree = "<group>";
		};
		D5548F882FAA80CA008F9DAC /* Services */ = {
			isa = PBXGroup;
			children = (
				D5548F8A2FAA8162008F9DAC /* CryptoService.swift */,
				D5548F8C2FAA8181008F9DAC /* APIService.swift */,
				D5548F8E2FAA8198008F9DAC /* AuthManager.swift */,
				D5548F902FAA81BB008F9DAC /* LocalVaultManager.swift */,
			);
			path = Services;
			sourceTree = "<group>";
		};
		D57707502F9E4C6100F3253B /* Views */ = {
			isa = PBXGroup;
			children = (
				D57707552F9E4FAA00F3253B /* MainTabView.swift */,
				D57707512F9E4DE800F3253B /* LoginView.swift */,
				D57707532F9E4E9A00F3253B /* RegisterView.swift */,
				D577074E2F9E434800F3253B /* PasswordDetailView.swift */,
				D577074C2F9E42BD00F3253B /* SecuritySettingsView.swift */,
				D577074A2F9E3F9100F3253B /* WelcomeView.swift */,
				D5548F942FAA8730008F9DAC /* AddVaultEntryView.swift */,
				9F9806F92FB3AFB500C304D2 /* AppRootView.swift */,
				9F9806FB2FB3B01900C304D2 /* VaultListView.swift */,
				9F8313F82FC77B47009942A7 /* ProfileView.swift */,
			);
			path = Views;
			sourceTree = "<group>";
		};
/* End PBXGroup section */

/* Begin PBXNativeTarget section */
		9F405D982FBE3DE50078F939 /* Vault66Autofill */ = {
			isa = PBXNativeTarget;
			buildConfigurationList = 9F405DAC2FBE3DE60078F939 /* Build configuration list for PBXNativeTarget "Vault66Autofill" */;
			buildPhases = (
				9F405D952FBE3DE50078F939 /* Sources */,
				9F405D962FBE3DE50078F939 /* Frameworks */,
				9F405D972FBE3DE50078F939 /* Resources */,
			);
			buildRules = (
			);
			dependencies = (
			);
			fileSystemSynchronizedGroups = (
				9F405D9D2FBE3DE50078F939 /* Vault66Autofill */,
			);
			name = Vault66Autofill;
			packageProductDependencies = (
			);
			productName = Vault66Autofill;
			productReference = 9F405D992FBE3DE50078F939 /* Vault66Autofill.appex */;
			productType = "com.apple.product-type.app-extension";
		};
		D51B58172F71FD250060F2D6 /* password-manager-ios */ = {
			isa = PBXNativeTarget;
			buildConfigurationList = D51B58412F71FD2D0060F2D6 /* Build configuration list for PBXNativeTarget "password-manager-ios" */;
			buildPhases = (
				D51B58142F71FD250060F2D6 /* Sources */,
				D51B58152F71FD250060F2D6 /* Frameworks */,
				D51B58162F71FD250060F2D6 /* Resources */,
			);
			buildRules = (
			);
			dependencies = (
			);
			name = "password-manager-ios";
			productName = "password-manager-ios";
			productReference = D51B58182F71FD250060F2D6 /* password-manager-ios.app */;
			productType = "com.apple.product-type.application";
		};
		D51B582C2F71FD2D0060F2D6 /* password-manager-iosTests */ = {
			isa = PBXNativeTarget;
			buildConfigurationList = D51B58442F71FD2D0060F2D6 /* Build configuration list for PBXNativeTarget "password-manager-iosTests" */;
			buildPhases = (
				D51B58292F71FD2D0060F2D6 /* Sources */,
				D51B582A2F71FD2D0060F2D6 /* Frameworks */,
				D51B582B2F71FD2D0060F2D6 /* Resources */,
			);
			buildRules = (
			);
			dependencies = (
				D51B582F2F71FD2D0060F2D6 /* PBXTargetDependency */,
			);
			name = "password-manager-iosTests";
			productName = "password-manager-iosTests";
			productReference = D51B582D2F71FD2D0060F2D6 /* password-manager-iosTests.xctest */;
			productType = "com.apple.product-type.bundle.unit-test";
		};
		D51B58362F71FD2D0060F2D6 /* password-manager-iosUITests */ = {
			isa = PBXNativeTarget;
			buildConfigurationList = D51B58472F71FD2D0060F2D6 /* Build configuration list for PBXNativeTarget "password-manager-iosUITests" */;
			buildPhases = (
				D51B58332F71FD2D0060F2D6 /* Sources */,
				D51B58342F71FD2D0060F2D6 /* Frameworks */,
				D51B58352F71FD2D0060F2D6 /* Resources */,
			);
			buildRules = (
			);
			dependencies = (
				D51B58392F71FD2D0060F2D6 /* PBXTargetDependency */,
			);
			name = "password-manager-iosUITests";
			productName = "password-manager-iosUITests";
			productReference = D51B58372F71FD2D0060F2D6 /* password-manager-iosUITests.xctest */;
			productType = "com.apple.product-type.bundle.ui-testing";
		};
/* End PBXNativeTarget section */

/* Begin PBXProject section */
		D51B58102F71FD250060F2D6 /* Project object */ = {
			isa = PBXProject;
			attributes = {
				BuildIndependentTargetsInParallel = 1;
				LastSwiftUpdateCheck = 2650;
				LastUpgradeCheck = 1430;
				TargetAttributes = {
					9F405D982FBE3DE50078F939 = {
						CreatedOnToolsVersion = 26.5;
					};
					D51B58172F71FD250060F2D6 = {
						CreatedOnToolsVersion = 14.3.1;
					};
					D51B582C2F71FD2D0060F2D6 = {
						CreatedOnToolsVersion = 14.3.1;
						TestTargetID = D51B58172F71FD250060F2D6;
					};
					D51B58362F71FD2D0060F2D6 = {
						CreatedOnToolsVersion = 14.3.1;
						TestTargetID = D51B58172F71FD250060F2D6;
					};
				};
			};
			buildConfigurationList = D51B58132F71FD250060F2D6 /* Build configuration list for PBXProject "password-manager-ios" */;
			compatibilityVersion = "Xcode 14.0";
			developmentRegion = en;
			hasScannedForEncodings = 0;
			knownRegions = (
				en,
				Base,
			);
			mainGroup = D51B580F2F71FD250060F2D6;
			packageReferences = (
				9F3B1C712FB4CCC9003E9265 /* XCRemoteSwiftPackageReference "Argon2Swift" */,
			);
			productRefGroup = D51B58192F71FD250060F2D6 /* Products */;
			projectDirPath = "";
			projectRoot = "";
			targets = (
				D51B58172F71FD250060F2D6 /* password-manager-ios */,
				D51B582C2F71FD2D0060F2D6 /* password-manager-iosTests */,
				D51B58362F71FD2D0060F2D6 /* password-manager-iosUITests */,
				9F405D982FBE3DE50078F939 /* Vault66Autofill */,
			);
		};
/* End PBXProject section */

/* Begin PBXResourcesBuildPhase section */
		9F405D972FBE3DE50078F939 /* Resources */ = {
			isa = PBXResourcesBuildPhase;
			buildActionMask = 2147483647;
			files = (
			);
			runOnlyForDeploymentPostprocessing = 0;
		};
		D51B58162F71FD250060F2D6 /* Resources */ = {
			isa = PBXResourcesBuildPhase;
			buildActionMask = 2147483647;
			files = (
				D51B58232F71FD2C0060F2D6 /* Preview Assets.xcassets in Resources */,
				D51B58202F71FD2C0060F2D6 /* Assets.xcassets in Resources */,
			);
			runOnlyForDeploymentPostprocessing = 0;
		};
		D51B582B2F71FD2D0060F2D6 /* Resources */ = {
			isa = PBXResourcesBuildPhase;
			buildActionMask = 2147483647;
			files = (
			);
			runOnlyForDeploymentPostprocessing = 0;
		};
		D51B58352F71FD2D0060F2D6 /* Resources */ = {
			isa = PBXResourcesBuildPhase;
			buildActionMask = 2147483647;
			files = (
			);
			runOnlyForDeploymentPostprocessing = 0;
		};
/* End PBXResourcesBuildPhase section */

/* Begin PBXSourcesBuildPhase section */
		9F405D952FBE3DE50078F939 /* Sources */ = {
			isa = PBXSourcesBuildPhase;
			buildActionMask = 2147483647;
			files = (
				9F405DAE2FBE435E0078F939 /* VaultModels.swift in Sources */,
				9F405DAF2FBE43670078F939 /* CryptoService.swift in Sources */,
			);
			runOnlyForDeploymentPostprocessing = 0;
		};
		D51B58142F71FD250060F2D6 /* Sources */ = {
			isa = PBXSourcesBuildPhase;
			buildActionMask = 2147483647;
			files = (
				D577074B2F9E3F9100F3253B /* WelcomeView.swift in Sources */,
				D577074D2F9E42BD00F3253B /* SecuritySettingsView.swift in Sources */,
				D5548F8F2FAA8198008F9DAC /* AuthManager.swift in Sources */,
				D51B581C2F71FD250060F2D6 /* password_manager_iosApp.swift in Sources */,
				D57707562F9E4FAA00F3253B /* MainTabView.swift in Sources */,
				D5A5889D2F73416F004C0FEC /* VaultModels.swift in Sources */,
				D5548F952FAA8730008F9DAC /* AddVaultEntryView.swift in Sources */,
				D5548F8B2FAA8162008F9DAC /* CryptoService.swift in Sources */,
				9F8313F92FC77B47009942A7 /* ProfileView.swift in Sources */,
				9F9806FA2FB3AFB500C304D2 /* AppRootView.swift in Sources */,
				D5548F912FAA81BB008F9DAC /* LocalVaultManager.swift in Sources */,
				D57707522F9E4DE800F3253B /* LoginView.swift in Sources */,
				D57707542F9E4E9A00F3253B /* RegisterView.swift in Sources */,
				D577074F2F9E434800F3253B /* PasswordDetailView.swift in Sources */,
				D5548F8D2FAA8181008F9DAC /* APIService.swift in Sources */,
				9F9806FC2FB3B01900C304D2 /* VaultListView.swift in Sources */,
			);
			runOnlyForDeploymentPostprocessing = 0;
		};
		D51B58292F71FD2D0060F2D6 /* Sources */ = {
			isa = PBXSourcesBuildPhase;
			buildActionMask = 2147483647;
			files = (
				D51B58322F71FD2D0060F2D6 /* password_manager_iosTests.swift in Sources */,
			);
			runOnlyForDeploymentPostprocessing = 0;
		};
		D51B58332F71FD2D0060F2D6 /* Sources */ = {
			isa = PBXSourcesBuildPhase;
			buildActionMask = 2147483647;
			files = (
				D51B583C2F71FD2D0060F2D6 /* password_manager_iosUITests.swift in Sources */,
				D51B583E2F71FD2D0060F2D6 /* password_manager_iosUITestsLaunchTests.swift in Sources */,
			);
			runOnlyForDeploymentPostprocessing = 0;
		};
/* End PBXSourcesBuildPhase section */

/* Begin PBXTargetDependency section */
		D51B582F2F71FD2D0060F2D6 /* PBXTargetDependency */ = {
			isa = PBXTargetDependency;
			target = D51B58172F71FD250060F2D6 /* password-manager-ios */;
			targetProxy = D51B582E2F71FD2D0060F2D6 /* PBXContainerItemProxy */;
		};
		D51B58392F71FD2D0060F2D6 /* PBXTargetDependency */ = {
			isa = PBXTargetDependency;
			target = D51B58172F71FD250060F2D6 /* password-manager-ios */;
			targetProxy = D51B58382F71FD2D0060F2D6 /* PBXContainerItemProxy */;
		};
/* End PBXTargetDependency section */

/* Begin XCBuildConfiguration section */
		9F405DA92FBE3DE60078F939 /* Debug */ = {
			isa = XCBuildConfiguration;
			buildSettings = {
				ASSETCATALOG_COMPILER_GENERATE_SWIFT_ASSET_SYMBOL_EXTENSIONS = YES;
				CODE_SIGN_ENTITLEMENTS = "";
				CODE_SIGN_STYLE = Manual;
				CURRENT_PROJECT_VERSION = 1;
				DEVELOPMENT_TEAM = R3MCXVS9K5;
				ENABLE_USER_SCRIPT_SANDBOXING = YES;
				GCC_C_LANGUAGE_STANDARD = gnu17;
				GENERATE_INFOPLIST_FILE = YES;
				INFOPLIST_FILE = Vault66Autofill/Info.plist;
				INFOPLIST_KEY_CFBundleDisplayName = Vault66Autofill;
				INFOPLIST_KEY_NSHumanReadableCopyright = "";
				IPHONEOS_DEPLOYMENT_TARGET = 26.5;
				LD_RUNPATH_SEARCH_PATHS = (
					"$(inherited)",
					"@executable_path/Frameworks",
					"@executable_path/../../Frameworks",
				);
				LOCALIZATION_PREFERS_STRING_CATALOGS = YES;
				MARKETING_VERSION = 1.0;
				PRODUCT_BUNDLE_IDENTIFIER = "maklov.password-manager-ios.Vault66Autofill";
				PRODUCT_NAME = "$(TARGET_NAME)";
				SKIP_INSTALL = YES;
				STRING_CATALOG_GENERATE_SYMBOLS = YES;
				SWIFT_ACTIVE_COMPILATION_CONDITIONS = "DEBUG $(inherited)";
				SWIFT_APPROACHABLE_CONCURRENCY = YES;
				SWIFT_EMIT_LOC_STRINGS = YES;
				SWIFT_UPCOMING_FEATURE_MEMBER_IMPORT_VISIBILITY = YES;
				SWIFT_VERSION = 5.0;
				TARGETED_DEVICE_FAMILY = "1,2";
			};
			name = Debug;
		};
		9F405DAA2FBE3DE60078F939 /* Release */ = {
			isa = XCBuildConfiguration;
			buildSettings = {
				ASSETCATALOG_COMPILER_GENERATE_SWIFT_ASSET_SYMBOL_EXTENSIONS = YES;
				CODE_SIGN_ENTITLEMENTS = "";
				CODE_SIGN_STYLE = Manual;
				CURRENT_PROJECT_VERSION = 1;
				DEVELOPMENT_TEAM = R3MCXVS9K5;
				ENABLE_USER_SCRIPT_SANDBOXING = YES;
				GCC_C_LANGUAGE_STANDARD = gnu17;
				GENERATE_INFOPLIST_FILE = YES;
				INFOPLIST_FILE = Vault66Autofill/Info.plist;
				INFOPLIST_KEY_CFBundleDisplayName = Vault66Autofill;
				INFOPLIST_KEY_NSHumanReadableCopyright = "";
				IPHONEOS_DEPLOYMENT_TARGET = 26.5;
				LD_RUNPATH_SEARCH_PATHS = (
					"$(inherited)",
					"@executable_path/Frameworks",
					"@executable_path/../../Frameworks",
				);
				LOCALIZATION_PREFERS_STRING_CATALOGS = YES;
				MARKETING_VERSION = 1.0;
				PRODUCT_BUNDLE_IDENTIFIER = "maklov.password-manager-ios.Vault66Autofill";
				PRODUCT_NAME = "$(TARGET_NAME)";
				SKIP_INSTALL = YES;
				STRING_CATALOG_GENERATE_SYMBOLS = YES;
				SWIFT_APPROACHABLE_CONCURRENCY = YES;
				SWIFT_EMIT_LOC_STRINGS = YES;
				SWIFT_UPCOMING_FEATURE_MEMBER_IMPORT_VISIBILITY = YES;
				SWIFT_VERSION = 5.0;
				TARGETED_DEVICE_FAMILY = "1,2";
			};
			name = Release;
		};
		D51B583F2F71FD2D0060F2D6 /* Debug */ = {
			isa = XCBuildConfiguration;
			buildSettings = {
				ALWAYS_SEARCH_USER_PATHS = NO;
				CLANG_ANALYZER_NONNULL = YES;
				CLANG_ANALYZER_NUMBER_OBJECT_CONVERSION = YES_AGGRESSIVE;
				CLANG_CXX_LANGUAGE_STANDARD = "gnu++20";
				CLANG_ENABLE_MODULES = YES;
				CLANG_ENABLE_OBJC_ARC = YES;
				CLANG_ENABLE_OBJC_WEAK = YES;
				CLANG_WARN_BLOCK_CAPTURE_AUTORELEASING = YES;
				CLANG_WARN_BOOL_CONVERSION = YES;
				CLANG_WARN_COMMA = YES;
				CLANG_WARN_CONSTANT_CONVERSION = YES;
				CLANG_WARN_DEPRECATED_OBJC_IMPLEMENTATIONS = YES;
				CLANG_WARN_DIRECT_OBJC_ISA_USAGE = YES_ERROR;
				CLANG_WARN_DOCUMENTATION_COMMENTS = YES;
				CLANG_WARN_EMPTY_BODY = YES;
				CLANG_WARN_ENUM_CONVERSION = YES;
				CLANG_WARN_INFINITE_RECURSION = YES;
				CLANG_WARN_INT_CONVERSION = YES;
				CLANG_WARN_NON_LITERAL_NULL_CONVERSION = YES;
				CLANG_WARN_OBJC_IMPLICIT_RETAIN_SELF = YES;
				CLANG_WARN_OBJC_LITERAL_CONVERSION = YES;
				CLANG_WARN_OBJC_ROOT_CLASS = YES_ERROR;
				CLANG_WARN_QUOTED_INCLUDE_IN_FRAMEWORK_HEADER = YES;
				CLANG_WARN_RANGE_LOOP_ANALYSIS = YES;
				CLANG_WARN_STRICT_PROTOTYPES = YES;
				CLANG_WARN_SUSPICIOUS_MOVE = YES;
				CLANG_WARN_UNGUARDED_AVAILABILITY = YES_AGGRESSIVE;
				CLANG_WARN_UNREACHABLE_CODE = YES;
				CLANG_WARN__DUPLICATE_METHOD_MATCH = YES;
				COPY_PHASE_STRIP = NO;
				DEBUG_INFORMATION_FORMAT = dwarf;
				ENABLE_STRICT_OBJC_MSGSEND = YES;
				ENABLE_TESTABILITY = YES;
				GCC_C_LANGUAGE_STANDARD = gnu11;
				GCC_DYNAMIC_NO_PIC = NO;
				GCC_NO_COMMON_BLOCKS = YES;
				GCC_OPTIMIZATION_LEVEL = 0;
				GCC_PREPROCESSOR_DEFINITIONS = (
					"DEBUG=1",
					"$(inherited)",
				);
				GCC_WARN_64_TO_32_BIT_CONVERSION = YES;
				GCC_WARN_ABOUT_RETURN_TYPE = YES_ERROR;
				GCC_WARN_UNDECLARED_SELECTOR = YES;
				GCC_WARN_UNINITIALIZED_AUTOS = YES_AGGRESSIVE;
				GCC_WARN_UNUSED_FUNCTION = YES;
				GCC_WARN_UNUSED_VARIABLE = YES;
				IPHONEOS_DEPLOYMENT_TARGET = 16.4;
				MTL_ENABLE_DEBUG_INFO = INCLUDE_SOURCE;
				MTL_FAST_MATH = YES;
				ONLY_ACTIVE_ARCH = YES;
				SDKROOT = iphoneos;
				SWIFT_ACTIVE_COMPILATION_CONDITIONS = DEBUG;
				SWIFT_OPTIMIZATION_LEVEL = "-Onone";
			};
			name = Debug;
		};
		D51B58402F71FD2D0060F2D6 /* Release */ = {
			isa = XCBuildConfiguration;
			buildSettings = {
				ALWAYS_SEARCH_USER_PATHS = NO;
				CLANG_ANALYZER_NONNULL = YES;
				CLANG_ANALYZER_NUMBER_OBJECT_CONVERSION = YES_AGGRESSIVE;
				CLANG_CXX_LANGUAGE_STANDARD = "gnu++20";
				CLANG_ENABLE_MODULES = YES;
				CLANG_ENABLE_OBJC_ARC = YES;
				CLANG_ENABLE_OBJC_WEAK = YES;
				CLANG_WARN_BLOCK_CAPTURE_AUTORELEASING = YES;
				CLANG_WARN_BOOL_CONVERSION = YES;
				CLANG_WARN_COMMA = YES;
				CLANG_WARN_CONSTANT_CONVERSION = YES;
				CLANG_WARN_DEPRECATED_OBJC_IMPLEMENTATIONS = YES;
				CLANG_WARN_DIRECT_OBJC_ISA_USAGE = YES_ERROR;
				CLANG_WARN_DOCUMENTATION_COMMENTS = YES;
				CLANG_WARN_EMPTY_BODY = YES;
				CLANG_WARN_ENUM_CONVERSION = YES;
				CLANG_WARN_INFINITE_RECURSION = YES;
				CLANG_WARN_INT_CONVERSION = YES;
				CLANG_WARN_NON_LITERAL_NULL_CONVERSION = YES;
				CLANG_WARN_OBJC_IMPLICIT_RETAIN_SELF = YES;
				CLANG_WARN_OBJC_LITERAL_CONVERSION = YES;
				CLANG_WARN_OBJC_ROOT_CLASS = YES_ERROR;
				CLANG_WARN_QUOTED_INCLUDE_IN_FRAMEWORK_HEADER = YES;
				CLANG_WARN_RANGE_LOOP_ANALYSIS = YES;
				CLANG_WARN_STRICT_PROTOTYPES = YES;
				CLANG_WARN_SUSPICIOUS_MOVE = YES;
				CLANG_WARN_UNGUARDED_AVAILABILITY = YES_AGGRESSIVE;
				CLANG_WARN_UNREACHABLE_CODE = YES;
				CLANG_WARN__DUPLICATE_METHOD_MATCH = YES;
				COPY_PHASE_STRIP = NO;
				DEBUG_INFORMATION_FORMAT = "dwarf-with-dsym";
				ENABLE_NS_ASSERTIONS = NO;
				ENABLE_STRICT_OBJC_MSGSEND = YES;
				GCC_C_LANGUAGE_STANDARD = gnu11;
				GCC_NO_COMMON_BLOCKS = YES;
				GCC_WARN_64_TO_32_BIT_CONVERSION = YES;
				GCC_WARN_ABOUT_RETURN_TYPE = YES_ERROR;
				GCC_WARN_UNDECLARED_SELECTOR = YES;
				GCC_WARN_UNINITIALIZED_AUTOS = YES_AGGRESSIVE;
				GCC_WARN_UNUSED_FUNCTION = YES;
				GCC_WARN_UNUSED_VARIABLE = YES;
				IPHONEOS_DEPLOYMENT_TARGET = 16.4;
				MTL_ENABLE_DEBUG_INFO = NO;
				MTL_FAST_MATH = YES;
				SDKROOT = iphoneos;
				SWIFT_COMPILATION_MODE = wholemodule;
				SWIFT_OPTIMIZATION_LEVEL = "-O";
				VALIDATE_PRODUCT = YES;
			};
			name = Release;
		};
		D51B58422F71FD2D0060F2D6 /* Debug */ = {
			isa = XCBuildConfiguration;
			buildSettings = {
				ASSETCATALOG_COMPILER_APPICON_NAME = AppIcon;
				ASSETCATALOG_COMPILER_GLOBAL_ACCENT_COLOR_NAME = AccentColor;
				CODE_SIGN_STYLE = Automatic;
				CURRENT_PROJECT_VERSION = 1;
				DEVELOPMENT_ASSET_PATHS = "\"password-manager-ios/Preview Content\"";
				DEVELOPMENT_TEAM = R3MCXVS9K5;
				ENABLE_PREVIEWS = YES;
				GENERATE_INFOPLIST_FILE = YES;
				INFOPLIST_KEY_NSFaceIDUsageDescription = "Application requires Face ID for user quick identification";
				INFOPLIST_KEY_UIApplicationSceneManifest_Generation = YES;
				INFOPLIST_KEY_UIApplicationSupportsIndirectInputEvents = YES;
				INFOPLIST_KEY_UILaunchScreen_Generation = YES;
				INFOPLIST_KEY_UISupportedInterfaceOrientations_iPad = "UIInterfaceOrientationPortrait UIInterfaceOrientationPortraitUpsideDown UIInterfaceOrientationLandscapeLeft UIInterfaceOrientationLandscapeRight";
				INFOPLIST_KEY_UISupportedInterfaceOrientations_iPhone = "UIInterfaceOrientationPortrait UIInterfaceOrientationLandscapeLeft UIInterfaceOrientationLandscapeRight";
				LD_RUNPATH_SEARCH_PATHS = (
					"$(inherited)",
					"@executable_path/Frameworks",
				);
				MARKETING_VERSION = 1.0;
				PRODUCT_BUNDLE_IDENTIFIER = "maklov.password-manager-ios";
				PRODUCT_NAME = "$(TARGET_NAME)";
				SWIFT_EMIT_LOC_STRINGS = YES;
				SWIFT_VERSION = 5.0;
				TARGETED_DEVICE_FAMILY = "1,2";
			};
			name = Debug;
		};
		D51B58432F71FD2D0060F2D6 /* Release */ = {
			isa = XCBuildConfiguration;
			buildSettings = {
				ASSETCATALOG_COMPILER_APPICON_NAME = AppIcon;
				ASSETCATALOG_COMPILER_GLOBAL_ACCENT_COLOR_NAME = AccentColor;
				CODE_SIGN_STYLE = Automatic;
				CURRENT_PROJECT_VERSION = 1;
				DEVELOPMENT_ASSET_PATHS = "\"password-manager-ios/Preview Content\"";
				DEVELOPMENT_TEAM = R3MCXVS9K5;
				ENABLE_PREVIEWS = YES;
				GENERATE_INFOPLIST_FILE = YES;
				INFOPLIST_KEY_NSFaceIDUsageDescription = "Application requires Face ID for user quick identification";
				INFOPLIST_KEY_UIApplicationSceneManifest_Generation = YES;
				INFOPLIST_KEY_UIApplicationSupportsIndirectInputEvents = YES;
				INFOPLIST_KEY_UILaunchScreen_Generation = YES;
				INFOPLIST_KEY_UISupportedInterfaceOrientations_iPad = "UIInterfaceOrientationPortrait UIInterfaceOrientationPortraitUpsideDown UIInterfaceOrientationLandscapeLeft UIInterfaceOrientationLandscapeRight";
				INFOPLIST_KEY_UISupportedInterfaceOrientations_iPhone = "UIInterfaceOrientationPortrait UIInterfaceOrientationLandscapeLeft UIInterfaceOrientationLandscapeRight";
				LD_RUNPATH_SEARCH_PATHS = (
					"$(inherited)",
					"@executable_path/Frameworks",
				);
				MARKETING_VERSION = 1.0;
				PRODUCT_BUNDLE_IDENTIFIER = "maklov.password-manager-ios";
				PRODUCT_NAME = "$(TARGET_NAME)";
				SWIFT_EMIT_LOC_STRINGS = YES;
				SWIFT_VERSION = 5.0;
				TARGETED_DEVICE_FAMILY = "1,2";
			};
			name = Release;
		};
		D51B58452F71FD2D0060F2D6 /* Debug */ = {
			isa = XCBuildConfiguration;
			buildSettings = {
				ALWAYS_EMBED_SWIFT_STANDARD_LIBRARIES = YES;
				BUNDLE_LOADER = "$(TEST_HOST)";
				CODE_SIGN_STYLE = Automatic;
				CURRENT_PROJECT_VERSION = 1;
				GENERATE_INFOPLIST_FILE = YES;
				IPHONEOS_DEPLOYMENT_TARGET = 16.4;
				MARKETING_VERSION = 1.0;
				PRODUCT_BUNDLE_IDENTIFIER = "maklov.password-manager-iosTests";
				PRODUCT_NAME = "$(TARGET_NAME)";
				SWIFT_EMIT_LOC_STRINGS = NO;
				SWIFT_VERSION = 5.0;
				TARGETED_DEVICE_FAMILY = "1,2";
				TEST_HOST = "$(BUILT_PRODUCTS_DIR)/password-manager-ios.app/$(BUNDLE_EXECUTABLE_FOLDER_PATH)/password-manager-ios";
			};
			name = Debug;
		};
		D51B58462F71FD2D0060F2D6 /* Release */ = {
			isa = XCBuildConfiguration;
			buildSettings = {
				ALWAYS_EMBED_SWIFT_STANDARD_LIBRARIES = YES;
				BUNDLE_LOADER = "$(TEST_HOST)";
				CODE_SIGN_STYLE = Automatic;
				CURRENT_PROJECT_VERSION = 1;
				GENERATE_INFOPLIST_FILE = YES;
				IPHONEOS_DEPLOYMENT_TARGET = 16.4;
				MARKETING_VERSION = 1.0;
				PRODUCT_BUNDLE_IDENTIFIER = "maklov.password-manager-iosTests";
				PRODUCT_NAME = "$(TARGET_NAME)";
				SWIFT_EMIT_LOC_STRINGS = NO;
				SWIFT_VERSION = 5.0;
				TARGETED_DEVICE_FAMILY = "1,2";
				TEST_HOST = "$(BUILT_PRODUCTS_DIR)/password-manager-ios.app/$(BUNDLE_EXECUTABLE_FOLDER_PATH)/password-manager-ios";
			};
			name = Release;
		};
		D51B58482F71FD2D0060F2D6 /* Debug */ = {
			isa = XCBuildConfiguration;
			buildSettings = {
				ALWAYS_EMBED_SWIFT_STANDARD_LIBRARIES = YES;
				CODE_SIGN_STYLE = Automatic;
				CURRENT_PROJECT_VERSION = 1;
				GENERATE_INFOPLIST_FILE = YES;
				MARKETING_VERSION = 1.0;
				PRODUCT_BUNDLE_IDENTIFIER = "maklov.password-manager-iosUITests";
				PRODUCT_NAME = "$(TARGET_NAME)";
				SWIFT_EMIT_LOC_STRINGS = NO;
				SWIFT_VERSION = 5.0;
				TARGETED_DEVICE_FAMILY = "1,2";
				TEST_TARGET_NAME = "password-manager-ios";
			};
			name = Debug;
		};
		D51B58492F71FD2D0060F2D6 /* Release */ = {
			isa = XCBuildConfiguration;
			buildSettings = {
				ALWAYS_EMBED_SWIFT_STANDARD_LIBRARIES = YES;
				CODE_SIGN_STYLE = Automatic;
				CURRENT_PROJECT_VERSION = 1;
				GENERATE_INFOPLIST_FILE = YES;
				MARKETING_VERSION = 1.0;
				PRODUCT_BUNDLE_IDENTIFIER = "maklov.password-manager-iosUITests";
				PRODUCT_NAME = "$(TARGET_NAME)";
				SWIFT_EMIT_LOC_STRINGS = NO;
				SWIFT_VERSION = 5.0;
				TARGETED_DEVICE_FAMILY = "1,2";
				TEST_TARGET_NAME = "password-manager-ios";
			};
			name = Release;
		};
/* End XCBuildConfiguration section */

/* Begin XCConfigurationList section */
		9F405DAC2FBE3DE60078F939 /* Build configuration list for PBXNativeTarget "Vault66Autofill" */ = {
			isa = XCConfigurationList;
			buildConfigurations = (
				9F405DA92FBE3DE60078F939 /* Debug */,
				9F405DAA2FBE3DE60078F939 /* Release */,
			);
			defaultConfigurationIsVisible = 0;
			defaultConfigurationName = Release;
		};
		D51B58132F71FD250060F2D6 /* Build configuration list for PBXProject "password-manager-ios" */ = {
			isa = XCConfigurationList;
			buildConfigurations = (
				D51B583F2F71FD2D0060F2D6 /* Debug */,
				D51B58402F71FD2D0060F2D6 /* Release */,
			);
			defaultConfigurationIsVisible = 0;
			defaultConfigurationName = Release;
		};
		D51B58412F71FD2D0060F2D6 /* Build configuration list for PBXNativeTarget "password-manager-ios" */ = {
			isa = XCConfigurationList;
			buildConfigurations = (
				D51B58422F71FD2D0060F2D6 /* Debug */,
				D51B58432F71FD2D0060F2D6 /* Release */,
			);
			defaultConfigurationIsVisible = 0;
			defaultConfigurationName = Release;
		};
		D51B58442F71FD2D0060F2D6 /* Build configuration list for PBXNativeTarget "password-manager-iosTests" */ = {
			isa = XCConfigurationList;
			buildConfigurations = (
				D51B58452F71FD2D0060F2D6 /* Debug */,
				D51B58462F71FD2D0060F2D6 /* Release */,
			);
			defaultConfigurationIsVisible = 0;
			defaultConfigurationName = Release;
		};
		D51B58472F71FD2D0060F2D6 /* Build configuration list for PBXNativeTarget "password-manager-iosUITests" */ = {
			isa = XCConfigurationList;
			buildConfigurations = (
				D51B58482F71FD2D0060F2D6 /* Debug */,
				D51B58492F71FD2D0060F2D6 /* Release */,
			);
			defaultConfigurationIsVisible = 0;
			defaultConfigurationName = Release;
		};
/* End XCConfigurationList section */

/* Begin XCRemoteSwiftPackageReference section */
		9F3B1C712FB4CCC9003E9265 /* XCRemoteSwiftPackageReference "Argon2Swift" */ = {
			isa = XCRemoteSwiftPackageReference;
			repositoryURL = "https://github.com/tmthecoder/Argon2Swift.git";
			requirement = {
				branch = main;
				kind = branch;
			};
		};
/* End XCRemoteSwiftPackageReference section */

/* Begin XCSwiftPackageProductDependency section */
		9F3B1C722FB4CCC9003E9265 /* Argon2Swift */ = {
			isa = XCSwiftPackageProductDependency;
			package = 9F3B1C712FB4CCC9003E9265 /* XCRemoteSwiftPackageReference "Argon2Swift" */;
			productName = Argon2Swift;
		};
/* End XCSwiftPackageProductDependency section */
	};
	rootObject = D51B58102F71FD250060F2D6 /* Project object */;
}
